
Microsoft Visual Studio Solution File, Format Version 12.00
# Visual Studio Version 16
VisualStudioVersion = 16.0.32413.511
MinimumVisualStudioVersion = 10.0.40219.1
Project("{FAE04EC0-301F-11D3-BF4B-00C04F79EFBC}") = "Kutuphane_Otomasyon_Taslak_winform", "Kutuphane_Otomasyon_Taslak_winform.csproj", "{AA5CF67D-AE12-462C-8F65-ABD346554385}"
EndProject
Project("{54435603-DBB4-11D2-8724-00A0C9A8B90C}") = "SourceSoftwareLibraryAutomationSetup", "..\SourceSoftwareLibraryAutomationSetup\SourceSoftwareLibraryAutomationSetup.vdproj", "{25991FB4-5671-4C4A-B084-239C44BC59CD}"
EndProject
Global
	GlobalSection(SolutionConfigurationPlatforms) = preSolution
		Debug|Any CPU = Debug|Any CPU
		Release|Any CPU = Release|Any CPU
	EndGlobalSection
	GlobalSection(ProjectConfigurationPlatforms) = postSolution
		{AA5CF67D-AE12-462C-8F65-ABD346554385}.Debug|Any CPU.ActiveCfg = Debug|Any CPU
		{AA5CF67D-AE12-462C-8F65-ABD346554385}.Debug|Any CPU.Build.0 = Debug|Any CPU
		{AA5CF67D-AE12-462C-8F65-ABD346554385}.Release|Any CPU.ActiveCfg = Release|Any CPU
		{AA5CF67D-AE12-462C-8F65-ABD346554385}.Release|Any CPU.Build.0 = Release|Any CPU
		{25991FB4-5671-4C4A-B084-239C44BC59CD}.Debug|Any CPU.ActiveCfg = Debug
		{25991FB4-5671-4C4A-B084-239C44BC59CD}.Release|Any CPU.ActiveCfg = Release
	EndGlobalSection
	GlobalSection(SolutionProperties) = preSolution
		HideSolutionNode = FALSE
	EndGlobalSection
	GlobalSection(ExtensibilityGlobals) = postSolution
		SolutionGuid = {E57DAD10-B762-478A-B324-F3DCDF9B267D}
	EndGlobalSection
EndGlobal
